
Microsoft Visual Studio Solution File, Format Version 11.00
# Visual Studio 2010
Project("{FAE04EC0-301F-11D3-BF4B-00C04F79EFBC}") = "Assembly-CSharp", "Assembly-CSharp.csproj", "{F567E645-FC36-90B3-7246-B1E14C98A8D9}"
EndProject
Project("{FAE04EC0-301F-11D3-BF4B-00C04F79EFBC}") = "Assembly-CSharp-Editor", "Assembly-CSharp-Editor.csproj", "{48BA8F4F-EA50-9993-D082-84BBAF157C24}"
EndProject
Global
	GlobalSection(SolutionConfigurationPlatforms) = preSolution
		Debug|Any CPU = Debug|Any CPU
		Release|Any CPU = Release|Any CPU
	EndGlobalSection
	GlobalSection(ProjectConfigurationPlatforms) = postSolution
		{F567E645-FC36-90B3-7246-B1E14C98A8D9}.Debug|Any CPU.ActiveCfg = Debug|Any CPU
		{F567E645-FC36-90B3-7246-B1E14C98A8D9}.Debug|Any CPU.Build.0 = Debug|Any CPU
		{F567E645-FC36-90B3-7246-B1E14C98A8D9}.Release|Any CPU.ActiveCfg = Release|Any CPU
		{F567E645-FC36-90B3-7246-B1E14C98A8D9}.Release|Any CPU.Build.0 = Release|Any CPU
		{48BA8F4F-EA50-9993-D082-84BBAF157C24}.Debug|Any CPU.ActiveCfg = Debug|Any CPU
		{48BA8F4F-EA50-9993-D082-84BBAF157C24}.Debug|Any CPU.Build.0 = Debug|Any CPU
		{48BA8F4F-EA50-9993-D082-84BBAF157C24}.Release|Any CPU.ActiveCfg = Release|Any CPU
		{48BA8F4F-EA50-9993-D082-84BBAF157C24}.Release|Any CPU.Build.0 = Release|Any CPU
	EndGlobalSection
	GlobalSection(SolutionProperties) = preSolution
		HideSolutionNode = FALSE
	EndGlobalSection
	GlobalSection(MonoDevelopProperties) = preSolution
		StartupItem = Assembly-CSharp.csproj
	EndGlobalSection
EndGlobal
